
Microsoft Visual Studio Solution File, Format Version 12.00
# Visual Studio 2015
Project("{FAE04EC0-301F-11D3-BF4B-00C04F79EFBC}") = "Temporal-Sleep-for-the-Monophobic-Droid.CSharp.Plugins", "Temporal-Sleep-for-the-Monophobic-Droid.CSharp.Plugins.csproj", "{19B259F0-96ED-9E28-F77A-B4CE2871EAD3}"
EndProject
Project("{FAE04EC0-301F-11D3-BF4B-00C04F79EFBC}") = "Temporal-Sleep-for-the-Monophobic-Droid.CSharp", "Temporal-Sleep-for-the-Monophobic-Droid.CSharp.csproj", "{69431FBB-881D-7F23-7633-3A9B629443E8}"
EndProject
Project("{FAE04EC0-301F-11D3-BF4B-00C04F79EFBC}") = "Temporal-Sleep-for-the-Monophobic-Droid.CSharp.Editor", "Temporal-Sleep-for-the-Monophobic-Droid.CSharp.Editor.csproj", "{D7A3A5E5-2744-E40F-EEFE-FAC569DFFA0D}"
EndProject
Global
	GlobalSection(SolutionConfigurationPlatforms) = preSolution
		Debug|Any CPU = Debug|Any CPU
		Release|Any CPU = Release|Any CPU
	EndGlobalSection
	GlobalSection(ProjectConfigurationPlatforms) = postSolution
		{19B259F0-96ED-9E28-F77A-B4CE2871EAD3}.Debug|Any CPU.ActiveCfg = Debug|Any CPU
		{19B259F0-96ED-9E28-F77A-B4CE2871EAD3}.Debug|Any CPU.Build.0 = Debug|Any CPU
		{19B259F0-96ED-9E28-F77A-B4CE2871EAD3}.Release|Any CPU.ActiveCfg = Release|Any CPU
		{19B259F0-96ED-9E28-F77A-B4CE2871EAD3}.Release|Any CPU.Build.0 = Release|Any CPU
		{69431FBB-881D-7F23-7633-3A9B629443E8}.Debug|Any CPU.ActiveCfg = Debug|Any CPU
		{69431FBB-881D-7F23-7633-3A9B629443E8}.Debug|Any CPU.Build.0 = Debug|Any CPU
		{69431FBB-881D-7F23-7633-3A9B629443E8}.Release|Any CPU.ActiveCfg = Release|Any CPU
		{69431FBB-881D-7F23-7633-3A9B629443E8}.Release|Any CPU.Build.0 = Release|Any CPU
		{D7A3A5E5-2744-E40F-EEFE-FAC569DFFA0D}.Debug|Any CPU.ActiveCfg = Debug|Any CPU
		{D7A3A5E5-2744-E40F-EEFE-FAC569DFFA0D}.Debug|Any CPU.Build.0 = Debug|Any CPU
		{D7A3A5E5-2744-E40F-EEFE-FAC569DFFA0D}.Release|Any CPU.ActiveCfg = Release|Any CPU
		{D7A3A5E5-2744-E40F-EEFE-FAC569DFFA0D}.Release|Any CPU.Build.0 = Release|Any CPU
	EndGlobalSection
	GlobalSection(SolutionProperties) = preSolution
		HideSolutionNode = FALSE
	EndGlobalSection
EndGlobal
